
Microsoft Visual Studio Solution File, Format Version 12.00
# Visual Studio 2012
Project("{D954291E-2A0B-460D-934E-DC6B0785DB48}") = "BareKit", "BareKit.shproj", "{A0CDBD0E-3A41-42B7-9425-A838BC2C7383}"
EndProject
Project("{FAE04EC0-301F-11D3-BF4B-00C04F79EFBC}") = "Bare", "Bare\Bare.csproj", "{0244C68A-AFFC-46F8-BF64-1B3B33FDF353}"
EndProject
Global
	GlobalSection(SolutionConfigurationPlatforms) = preSolution
		Debug|x86 = Debug|x86
		Release|x86 = Release|x86
	EndGlobalSection
	GlobalSection(ProjectConfigurationPlatforms) = postSolution
		{D5CE47DE-F4B7-4FB5-A782-29D880A3673D}.Debug|x86.ActiveCfg = Debug|x86
		{D5CE47DE-F4B7-4FB5-A782-29D880A3673D}.Debug|x86.Build.0 = Debug|x86
		{D5CE47DE-F4B7-4FB5-A782-29D880A3673D}.Release|x86.ActiveCfg = Release|x86
		{D5CE47DE-F4B7-4FB5-A782-29D880A3673D}.Release|x86.Build.0 = Release|x86
		{0244C68A-AFFC-46F8-BF64-1B3B33FDF353}.Debug|x86.ActiveCfg = Debug|x86
		{0244C68A-AFFC-46F8-BF64-1B3B33FDF353}.Debug|x86.Build.0 = Debug|x86
		{0244C68A-AFFC-46F8-BF64-1B3B33FDF353}.Release|x86.ActiveCfg = Release|x86
		{0244C68A-AFFC-46F8-BF64-1B3B33FDF353}.Release|x86.Build.0 = Release|x86
	EndGlobalSection
EndGlobal
